
Microsoft Visual Studio Solution File, Format Version 12.00
# Visual Studio Version 17
VisualStudioVersion = 17.13.35913.81
MinimumVisualStudioVersion = 10.0.40219.1
Project("{2150E333-8FDC-42A3-9474-1A3956D46DE8}") = "src", "src", "{02EA681E-C7D8-13C7-8484-4AC65E1B71E8}"
EndProject
Project("{2150E333-8FDC-42A3-9474-1A3956D46DE8}") = "tests", "tests", "{9F0EC7FF-AB45-42AE-98F7-F004C382C5BE}"
EndProject
Project("{2150E333-8FDC-42A3-9474-1A3956D46DE8}") = "Backend", "Backend", "{E18BB4AF-F420-4DD9-90E0-A3DF41D77784}"
EndProject
Project("{2150E333-8FDC-42A3-9474-1A3956D46DE8}") = "Shared", "Shared", "{543793E5-E775-470C-A919-257A12F5A054}"
EndProject
Project("{FAE04EC0-301F-11D3-BF4B-00C04F79EFBC}") = "Valorant.API", "src\Backend\Valorant.API\Valorant.API.csproj", "{C6E26C6C-AF03-42CB-A1A6-E57E420AD301}"
	ProjectSection(ProjectDependencies) = postProject
		{5FC91731-6E95-4D7C-9C09-71849C393162} = {5FC91731-6E95-4D7C-9C09-71849C393162}
		{B4EB44F1-8347-429A-A876-555139881ACD} = {B4EB44F1-8347-429A-A876-555139881ACD}
		{F3E2A3CD-AFC3-4C04-B534-61D1ED79992F} = {F3E2A3CD-AFC3-4C04-B534-61D1ED79992F}
	EndProjectSection
EndProject
Project("{FAE04EC0-301F-11D3-BF4B-00C04F79EFBC}") = "Valorant.Application", "src\Backend\Valorant.Application\Valorant.Application.csproj", "{B4EB44F1-8347-429A-A876-555139881ACD}"
	ProjectSection(ProjectDependencies) = postProject
		{5FC91731-6E95-4D7C-9C09-71849C393162} = {5FC91731-6E95-4D7C-9C09-71849C393162}
		{A3AC13A2-4901-4453-A95C-2250CEE532C0} = {A3AC13A2-4901-4453-A95C-2250CEE532C0}
		{F3E2A3CD-AFC3-4C04-B534-61D1ED79992F} = {F3E2A3CD-AFC3-4C04-B534-61D1ED79992F}
	EndProjectSection
EndProject
Project("{FAE04EC0-301F-11D3-BF4B-00C04F79EFBC}") = "Valorant.Domain", "src\Backend\Valorant.Domain\Valorant.Domain.csproj", "{A3AC13A2-4901-4453-A95C-2250CEE532C0}"
EndProject
Project("{FAE04EC0-301F-11D3-BF4B-00C04F79EFBC}") = "Valorant.Infrastructure", "src\Backend\Valorant.Infrastructure\Valorant.Infrastructure.csproj", "{E00C796D-0A4C-4131-8DDD-19172B6D014D}"
	ProjectSection(ProjectDependencies) = postProject
		{A3AC13A2-4901-4453-A95C-2250CEE532C0} = {A3AC13A2-4901-4453-A95C-2250CEE532C0}
	EndProjectSection
EndProject
Project("{FAE04EC0-301F-11D3-BF4B-00C04F79EFBC}") = "Valorant.Communication", "src\Shared\Valorant.Communication\Valorant.Communication.csproj", "{5FC91731-6E95-4D7C-9C09-71849C393162}"
EndProject
Project("{FAE04EC0-301F-11D3-BF4B-00C04F79EFBC}") = "Valorant.Exceptions", "src\Shared\Valorant.Exceptions\Valorant.Exceptions.csproj", "{F3E2A3CD-AFC3-4C04-B534-61D1ED79992F}"
EndProject
Global
	GlobalSection(SolutionConfigurationPlatforms) = preSolution
		Debug|Any CPU = Debug|Any CPU
		Release|Any CPU = Release|Any CPU
	EndGlobalSection
	GlobalSection(ProjectConfigurationPlatforms) = postSolution
		{C6E26C6C-AF03-42CB-A1A6-E57E420AD301}.Debug|Any CPU.ActiveCfg = Debug|Any CPU
		{C6E26C6C-AF03-42CB-A1A6-E57E420AD301}.Debug|Any CPU.Build.0 = Debug|Any CPU
		{C6E26C6C-AF03-42CB-A1A6-E57E420AD301}.Release|Any CPU.ActiveCfg = Release|Any CPU
		{C6E26C6C-AF03-42CB-A1A6-E57E420AD301}.Release|Any CPU.Build.0 = Release|Any CPU
		{B4EB44F1-8347-429A-A876-555139881ACD}.Debug|Any CPU.ActiveCfg = Debug|Any CPU
		{B4EB44F1-8347-429A-A876-555139881ACD}.Debug|Any CPU.Build.0 = Debug|Any CPU
		{B4EB44F1-8347-429A-A876-555139881ACD}.Release|Any CPU.ActiveCfg = Release|Any CPU
		{B4EB44F1-8347-429A-A876-555139881ACD}.Release|Any CPU.Build.0 = Release|Any CPU
		{A3AC13A2-4901-4453-A95C-2250CEE532C0}.Debug|Any CPU.ActiveCfg = Debug|Any CPU
		{A3AC13A2-4901-4453-A95C-2250CEE532C0}.Debug|Any CPU.Build.0 = Debug|Any CPU
		{A3AC13A2-4901-4453-A95C-2250CEE532C0}.Release|Any CPU.ActiveCfg = Release|Any CPU
		{A3AC13A2-4901-4453-A95C-2250CEE532C0}.Release|Any CPU.Build.0 = Release|Any CPU
		{E00C796D-0A4C-4131-8DDD-19172B6D014D}.Debug|Any CPU.ActiveCfg = Debug|Any CPU
		{E00C796D-0A4C-4131-8DDD-19172B6D014D}.Debug|Any CPU.Build.0 = Debug|Any CPU
		{E00C796D-0A4C-4131-8DDD-19172B6D014D}.Release|Any CPU.ActiveCfg = Release|Any CPU
		{E00C796D-0A4C-4131-8DDD-19172B6D014D}.Release|Any CPU.Build.0 = Release|Any CPU
		{5FC91731-6E95-4D7C-9C09-71849C393162}.Debug|Any CPU.ActiveCfg = Debug|Any CPU
		{5FC91731-6E95-4D7C-9C09-71849C393162}.Debug|Any CPU.Build.0 = Debug|Any CPU
		{5FC91731-6E95-4D7C-9C09-71849C393162}.Release|Any CPU.ActiveCfg = Release|Any CPU
		{5FC91731-6E95-4D7C-9C09-71849C393162}.Release|Any CPU.Build.0 = Release|Any CPU
		{F3E2A3CD-AFC3-4C04-B534-61D1ED79992F}.Debug|Any CPU.ActiveCfg = Debug|Any CPU
		{F3E2A3CD-AFC3-4C04-B534-61D1ED79992F}.Debug|Any CPU.Build.0 = Debug|Any CPU
		{F3E2A3CD-AFC3-4C04-B534-61D1ED79992F}.Release|Any CPU.ActiveCfg = Release|Any CPU
		{F3E2A3CD-AFC3-4C04-B534-61D1ED79992F}.Release|Any CPU.Build.0 = Release|Any CPU
	EndGlobalSection
	GlobalSection(SolutionProperties) = preSolution
		HideSolutionNode = FALSE
	EndGlobalSection
	GlobalSection(NestedProjects) = preSolution
		{E18BB4AF-F420-4DD9-90E0-A3DF41D77784} = {02EA681E-C7D8-13C7-8484-4AC65E1B71E8}
		{543793E5-E775-470C-A919-257A12F5A054} = {02EA681E-C7D8-13C7-8484-4AC65E1B71E8}
		{C6E26C6C-AF03-42CB-A1A6-E57E420AD301} = {E18BB4AF-F420-4DD9-90E0-A3DF41D77784}
		{B4EB44F1-8347-429A-A876-555139881ACD} = {E18BB4AF-F420-4DD9-90E0-A3DF41D77784}
		{A3AC13A2-4901-4453-A95C-2250CEE532C0} = {E18BB4AF-F420-4DD9-90E0-A3DF41D77784}
		{E00C796D-0A4C-4131-8DDD-19172B6D014D} = {E18BB4AF-F420-4DD9-90E0-A3DF41D77784}
		{5FC91731-6E95-4D7C-9C09-71849C393162} = {543793E5-E775-470C-A919-257A12F5A054}
		{F3E2A3CD-AFC3-4C04-B534-61D1ED79992F} = {543793E5-E775-470C-A919-257A12F5A054}
	EndGlobalSection
	GlobalSection(ExtensibilityGlobals) = postSolution
		SolutionGuid = {C9709E43-710B-42D1-B155-0431FC04F14B}
	EndGlobalSection
EndGlobal
